
Microsoft Visual Studio Solution File, Format Version 12.00
# Visual Studio Version 16
VisualStudioVersion = 16.0.31410.357
MinimumVisualStudioVersion = 10.0.40219.1
Project("{FAE04EC0-301F-11D3-BF4B-00C04F79EFBC}") = "Metronome", "Metronome.csproj", "{533714A0-DC8B-4D37-8C43-B5D2930D37D6}"
EndProject
Global
	GlobalSection(SolutionConfigurationPlatforms) = preSolution
		Debug|Any CPU = Debug|Any CPU
		Release|Any CPU = Release|Any CPU
	EndGlobalSection
	GlobalSection(ProjectConfigurationPlatforms) = postSolution
		{533714A0-DC8B-4D37-8C43-B5D2930D37D6}.Debug|Any CPU.ActiveCfg = Debug|Any CPU
		{533714A0-DC8B-4D37-8C43-B5D2930D37D6}.Debug|Any CPU.Build.0 = Debug|Any CPU
		{533714A0-DC8B-4D37-8C43-B5D2930D37D6}.Release|Any CPU.ActiveCfg = Release|Any CPU
		{533714A0-DC8B-4D37-8C43-B5D2930D37D6}.Release|Any CPU.Build.0 = Release|Any CPU
	EndGlobalSection
	GlobalSection(SolutionProperties) = preSolution
		HideSolutionNode = FALSE
	EndGlobalSection
	GlobalSection(ExtensibilityGlobals) = postSolution
		SolutionGuid = {72A535BD-E166-48A4-9D15-DC45BF802833}
	EndGlobalSection
EndGlobal
